// !$*UTF8*$!
{
	archiveVersion = 1;
	classes = {
	};
	objectVersion = 56;
	objects = {

/* Begin PBXBuildFile section */
		AD14670A2A793F86005AF2B8 /* TagViewApp.swift in Sources */ = {isa = PBXBuildFile; fileRef = AD1467092A793F86005AF2B8 /* TagViewApp.swift */; };
		AD14670C2A793F86005AF2B8 /* SelectTagsView.swift in Sources */ = {isa = PBXBuildFile; fileRef = AD14670B2A793F86005AF2B8 /* SelectTagsView.swift */; };
		AD14670E2A793F89005AF2B8 /* Assets.xcassets in Resources */ = {isa = PBXBuildFile; fileRef = AD14670D2A793F89005AF2B8 /* Assets.xcassets */; };
		AD1467122A793F89005AF2B8 /* Preview Assets.xcassets in Resources */ = {isa = PBXBuildFile; fileRef = AD1467112A793F89005AF2B8 /* Preview Assets.xcassets */; };
		AD14671A2A79742F005AF2B8 /* TagLayout.swift in Sources */ = {isa = PBXBuildFile; fileRef = AD1467192A79742F005AF2B8 /* TagLayout.swift */; };
		D338CF492AFD68BC001C1A97 /* BDBLog.swift in Sources */ = {isa = PBXBuildFile; fileRef = D338CF482AFD68BC001C1A97 /* BDBLog.swift */; };
		D338CF4C2AFD8B30001C1A97 /* ObservedObjectCollection.swift in Sources */ = {isa = PBXBuildFile; fileRef = D338CF4B2AFD8B30001C1A97 /* ObservedObjectCollection.swift */; };
		D338CF4F2B001211001C1A97 /* SelectTagsViewModel.swift in Sources */ = {isa = PBXBuildFile; fileRef = D338CF4E2B001211001C1A97 /* SelectTagsViewModel.swift */; };
		D338CF512B001B05001C1A97 /* SelectedTagsViewModel.swift in Sources */ = {isa = PBXBuildFile; fileRef = D338CF502B001B05001C1A97 /* SelectedTagsViewModel.swift */; };
		D338CF532B0022B2001C1A97 /* UnselectedTagsViewModel.swift in Sources */ = {isa = PBXBuildFile; fileRef = D338CF522B0022B2001C1A97 /* UnselectedTagsViewModel.swift */; };
		D338CF552B006341001C1A97 /* ObservedArray.swift in Sources */ = {isa = PBXBuildFile; fileRef = D338CF542B006341001C1A97 /* ObservedArray.swift */; };
		D37B2C9E2AFB23EA00FC5A26 /* SelectedTagsView.swift in Sources */ = {isa = PBXBuildFile; fileRef = D37B2C9D2AFB23EA00FC5A26 /* SelectedTagsView.swift */; };
		D37B2CA02AFB255700FC5A26 /* UnselectedTagsView.swift in Sources */ = {isa = PBXBuildFile; fileRef = D37B2C9F2AFB255700FC5A26 /* UnselectedTagsView.swift */; };
		D37B2CA22AFB261700FC5A26 /* TagView.swift in Sources */ = {isa = PBXBuildFile; fileRef = D37B2CA12AFB261700FC5A26 /* TagView.swift */; };
		D3AA2C202AFC795500245DF0 /* Tag.swift in Sources */ = {isa = PBXBuildFile; fileRef = D3AA2C1F2AFC795500245DF0 /* Tag.swift */; };
		D3AA2C222AFC79BA00245DF0 /* Tags.swift in Sources */ = {isa = PBXBuildFile; fileRef = D3AA2C212AFC79BA00245DF0 /* Tags.swift */; };
/* End PBXBuildFile section */

/* Begin PBXFileReference section */
		AD1467062A793F86005AF2B8 /* TagView.app */ = {isa = PBXFileReference; explicitFileType = wrapper.application; includeInIndex = 0; path = TagView.app; sourceTree = BUILT_PRODUCTS_DIR; };
		AD1467092A793F86005AF2B8 /* TagViewApp.swift */ = {isa = PBXFileReference; lastKnownFileType = sourcecode.swift; path = TagViewApp.swift; sourceTree = "<group>"; };
		AD14670B2A793F86005AF2B8 /* SelectTagsView.swift */ = {isa = PBXFileReference; lastKnownFileType = sourcecode.swift; path = SelectTagsView.swift; sourceTree = "<group>"; };
		AD14670D2A793F89005AF2B8 /* Assets.xcassets */ = {isa = PBXFileReference; lastKnownFileType = folder.assetcatalog; path = Assets.xcassets; sourceTree = "<group>"; };
		AD14670F2A793F89005AF2B8 /* TagView.entitlements */ = {isa = PBXFileReference; lastKnownFileType = text.plist.entitlements; path = TagView.entitlements; sourceTree = "<group>"; };
		AD1467112A793F89005AF2B8 /* Preview Assets.xcassets */ = {isa = PBXFileReference; lastKnownFileType = folder.assetcatalog; path = "Preview Assets.xcassets"; sourceTree = "<group>"; };
		AD1467192A79742F005AF2B8 /* TagLayout.swift */ = {isa = PBXFileReference; lastKnownFileType = sourcecode.swift; path = TagLayout.swift; sourceTree = "<group>"; };
		D338CF482AFD68BC001C1A97 /* BDBLog.swift */ = {isa = PBXFileReference; fileEncoding = 4; lastKnownFileType = sourcecode.swift; path = BDBLog.swift; sourceTree = "<group>"; };
		D338CF4B2AFD8B30001C1A97 /* ObservedObjectCollection.swift */ = {isa = PBXFileReference; lastKnownFileType = sourcecode.swift; path = ObservedObjectCollection.swift; sourceTree = "<group>"; };
		D338CF4E2B001211001C1A97 /* SelectTagsViewModel.swift */ = {isa = PBXFileReference; lastKnownFileType = sourcecode.swift; path = SelectTagsViewModel.swift; sourceTree = "<group>"; };
		D338CF502B001B05001C1A97 /* SelectedTagsViewModel.swift */ = {isa = PBXFileReference; lastKnownFileType = sourcecode.swift; path = SelectedTagsViewModel.swift; sourceTree = "<group>"; };
		D338CF522B0022B2001C1A97 /* UnselectedTagsViewModel.swift */ = {isa = PBXFileReference; lastKnownFileType = sourcecode.swift; path = UnselectedTagsViewModel.swift; sourceTree = "<group>"; };
		D338CF542B006341001C1A97 /* ObservedArray.swift */ = {isa = PBXFileReference; lastKnownFileType = sourcecode.swift; path = ObservedArray.swift; sourceTree = "<group>"; };
		D37B2C9D2AFB23EA00FC5A26 /* SelectedTagsView.swift */ = {isa = PBXFileReference; lastKnownFileType = sourcecode.swift; path = SelectedTagsView.swift; sourceTree = "<group>"; };
		D37B2C9F2AFB255700FC5A26 /* UnselectedTagsView.swift */ = {isa = PBXFileReference; lastKnownFileType = sourcecode.swift; path = UnselectedTagsView.swift; sourceTree = "<group>"; };
		D37B2CA12AFB261700FC5A26 /* TagView.swift */ = {isa = PBXFileReference; lastKnownFileType = sourcecode.swift; path = TagView.swift; sourceTree = "<group>"; };
		D3AA2C1F2AFC795500245DF0 /* Tag.swift */ = {isa = PBXFileReference; lastKnownFileType = sourcecode.swift; path = Tag.swift; sourceTree = "<group>"; };
		D3AA2C212AFC79BA00245DF0 /* Tags.swift */ = {isa = PBXFileReference; lastKnownFileType = sourcecode.swift; path = Tags.swift; sourceTree = "<group>"; };
/* End PBXFileReference section */

/* Begin PBXFrameworksBuildPhase section */
		AD1467032A793F86005AF2B8 /* Frameworks */ = {
			isa = PBXFrameworksBuildPhase;
			buildActionMask = 2147483647;
			files = (
			);
			runOnlyForDeploymentPostprocessing = 0;
		};
/* End PBXFrameworksBuildPhase section */

/* Begin PBXGroup section */
		AD1466FD2A793F86005AF2B8 = {
			isa = PBXGroup;
			children = (
				AD1467082A793F86005AF2B8 /* TagView */,
				AD1467072A793F86005AF2B8 /* Products */,
			);
			sourceTree = "<group>";
		};
		AD1467072A793F86005AF2B8 /* Products */ = {
			isa = PBXGroup;
			children = (
				AD1467062A793F86005AF2B8 /* TagView.app */,
			);
			name = Products;
			sourceTree = "<group>";
		};
		AD1467082A793F86005AF2B8 /* TagView */ = {
			isa = PBXGroup;
			children = (
				AD1467092A793F86005AF2B8 /* TagViewApp.swift */,
				D3AA2C242AFD64AA00245DF0 /* Views */,
				D338CF4D2B0011F4001C1A97 /* View Models */,
				D3AA2C232AFD649D00245DF0 /* Data Models */,
				AD1467182A7972AD005AF2B8 /* Layouts */,
				D338CF4A2AFD68D2001C1A97 /* Utility */,
				AD14670D2A793F89005AF2B8 /* Assets.xcassets */,
				AD14670F2A793F89005AF2B8 /* TagView.entitlements */,
				AD1467102A793F89005AF2B8 /* Preview Content */,
			);
			path = TagView;
			sourceTree = "<group>";
		};
		AD1467102A793F89005AF2B8 /* Preview Content */ = {
			isa = PBXGroup;
			children = (
				AD1467112A793F89005AF2B8 /* Preview Assets.xcassets */,
			);
			path = "Preview Content";
			sourceTree = "<group>";
		};
		AD1467182A7972AD005AF2B8 /* Layouts */ = {
			isa = PBXGroup;
			children = (
				AD1467192A79742F005AF2B8 /* TagLayout.swift */,
			);
			path = Layouts;
			sourceTree = "<group>";
		};
		D338CF4A2AFD68D2001C1A97 /* Utility */ = {
			isa = PBXGroup;
			children = (
				D338CF482AFD68BC001C1A97 /* BDBLog.swift */,
				D338CF4B2AFD8B30001C1A97 /* ObservedObjectCollection.swift */,
				D338CF542B006341001C1A97 /* ObservedArray.swift */,
			);
			name = Utility;
			path = ../Utility;
			sourceTree = "<group>";
		};
		D338CF4D2B0011F4001C1A97 /* View Models */ = {
			isa = PBXGroup;
			children = (
				D338CF4E2B001211001C1A97 /* SelectTagsViewModel.swift */,
				D338CF522B0022B2001C1A97 /* UnselectedTagsViewModel.swift */,
				D338CF502B001B05001C1A97 /* SelectedTagsViewModel.swift */,
			);
			path = "View Models";
			sourceTree = "<group>";
		};
		D3AA2C232AFD649D00245DF0 /* Data Models */ = {
			isa = PBXGroup;
			children = (
				D3AA2C1F2AFC795500245DF0 /* Tag.swift */,
				D3AA2C212AFC79BA00245DF0 /* Tags.swift */,
			);
			path = "Data Models";
			sourceTree = "<group>";
		};
		D3AA2C242AFD64AA00245DF0 /* Views */ = {
			isa = PBXGroup;
			children = (
				AD14670B2A793F86005AF2B8 /* SelectTagsView.swift */,
				D37B2C9F2AFB255700FC5A26 /* UnselectedTagsView.swift */,
				D37B2C9D2AFB23EA00FC5A26 /* SelectedTagsView.swift */,
				D37B2CA12AFB261700FC5A26 /* TagView.swift */,
			);
			path = Views;
			sourceTree = "<group>";
		};
/* End PBXGroup section */

/* Begin PBXNativeTarget section */
		AD1467052A793F86005AF2B8 /* TagView */ = {
			isa = PBXNativeTarget;
			buildConfigurationList = AD1467152A793F89005AF2B8 /* Build configuration list for PBXNativeTarget "TagView" */;
			buildPhases = (
				AD1467022A793F86005AF2B8 /* Sources */,
				AD1467032A793F86005AF2B8 /* Frameworks */,
				AD1467042A793F86005AF2B8 /* Resources */,
			);
			buildRules = (
			);
			dependencies = (
			);
			name = TagView;
			productName = TagView;
			productReference = AD1467062A793F86005AF2B8 /* TagView.app */;
			productType = "com.apple.product-type.application";
		};
/* End PBXNativeTarget section */

/* Begin PBXProject section */
		AD1466FE2A793F86005AF2B8 /* Project object */ = {
			isa = PBXProject;
			attributes = {
				BuildIndependentTargetsInParallel = 1;
				LastSwiftUpdateCheck = 1500;
				LastUpgradeCheck = 1500;
				TargetAttributes = {
					AD1467052A793F86005AF2B8 = {
						CreatedOnToolsVersion = 15.0;
					};
				};
			};
			buildConfigurationList = AD1467012A793F86005AF2B8 /* Build configuration list for PBXProject "TagView" */;
			compatibilityVersion = "Xcode 14.0";
			developmentRegion = en;
			hasScannedForEncodings = 0;
			knownRegions = (
				en,
				Base,
			);
			mainGroup = AD1466FD2A793F86005AF2B8;
			productRefGroup = AD1467072A793F86005AF2B8 /* Products */;
			projectDirPath = "";
			projectRoot = "";
			targets = (
				AD1467052A793F86005AF2B8 /* TagView */,
			);
		};
/* End PBXProject section */

/* Begin PBXResourcesBuildPhase section */
		AD1467042A793F86005AF2B8 /* Resources */ = {
			isa = PBXResourcesBuildPhase;
			buildActionMask = 2147483647;
			files = (
				AD1467122A793F89005AF2B8 /* Preview Assets.xcassets in Resources */,
				AD14670E2A793F89005AF2B8 /* Assets.xcassets in Resources */,
			);
			runOnlyForDeploymentPostprocessing = 0;
		};
/* End PBXResourcesBuildPhase section */

/* Begin PBXSourcesBuildPhase section */
		AD1467022A793F86005AF2B8 /* Sources */ = {
			isa = PBXSourcesBuildPhase;
			buildActionMask = 2147483647;
			files = (
				D338CF552B006341001C1A97 /* ObservedArray.swift in Sources */,
				D338CF4C2AFD8B30001C1A97 /* ObservedObjectCollection.swift in Sources */,
				D338CF492AFD68BC001C1A97 /* BDBLog.swift in Sources */,
				D37B2C9E2AFB23EA00FC5A26 /* SelectedTagsView.swift in Sources */,
				AD14670C2A793F86005AF2B8 /* SelectTagsView.swift in Sources */,
				D338CF532B0022B2001C1A97 /* UnselectedTagsViewModel.swift in Sources */,
				AD14671A2A79742F005AF2B8 /* TagLayout.swift in Sources */,
				D3AA2C202AFC795500245DF0 /* Tag.swift in Sources */,
				D3AA2C222AFC79BA00245DF0 /* Tags.swift in Sources */,
				D37B2CA02AFB255700FC5A26 /* UnselectedTagsView.swift in Sources */,
				AD14670A2A793F86005AF2B8 /* TagViewApp.swift in Sources */,
				D338CF4F2B001211001C1A97 /* SelectTagsViewModel.swift in Sources */,
				D338CF512B001B05001C1A97 /* SelectedTagsViewModel.swift in Sources */,
				D37B2CA22AFB261700FC5A26 /* TagView.swift in Sources */,
			);
			runOnlyForDeploymentPostprocessing = 0;
		};
/* End PBXSourcesBuildPhase section */

/* Begin XCBuildConfiguration section */
		AD1467132A793F89005AF2B8 /* Debug */ = {
			isa = XCBuildConfiguration;
			buildSettings = {
				ALWAYS_SEARCH_USER_PATHS = NO;
				ASSETCATALOG_COMPILER_GENERATE_SWIFT_ASSET_SYMBOL_EXTENSIONS = YES;
				CLANG_ANALYZER_NONNULL = YES;
				CLANG_ANALYZER_NUMBER_OBJECT_CONVERSION = YES_AGGRESSIVE;
				CLANG_CXX_LANGUAGE_STANDARD = "gnu++20";
				CLANG_ENABLE_MODULES = YES;
				CLANG_ENABLE_OBJC_ARC = YES;
				CLANG_ENABLE_OBJC_WEAK = YES;
				CLANG_WARN_BLOCK_CAPTURE_AUTORELEASING = YES;
				CLANG_WARN_BOOL_CONVERSION = YES;
				CLANG_WARN_COMMA = YES;
				CLANG_WARN_CONSTANT_CONVERSION = YES;
				CLANG_WARN_DEPRECATED_OBJC_IMPLEMENTATIONS = YES;
				CLANG_WARN_DIRECT_OBJC_ISA_USAGE = YES_ERROR;
				CLANG_WARN_DOCUMENTATION_COMMENTS = YES;
				CLANG_WARN_EMPTY_BODY = YES;
				CLANG_WARN_ENUM_CONVERSION = YES;
				CLANG_WARN_INFINITE_RECURSION = YES;
				CLANG_WARN_INT_CONVERSION = YES;
				CLANG_WARN_NON_LITERAL_NULL_CONVERSION = YES;
				CLANG_WARN_OBJC_IMPLICIT_RETAIN_SELF = YES;
				CLANG_WARN_OBJC_LITERAL_CONVERSION = YES;
				CLANG_WARN_OBJC_ROOT_CLASS = YES_ERROR;
				CLANG_WARN_QUOTED_INCLUDE_IN_FRAMEWORK_HEADER = YES;
				CLANG_WARN_RANGE_LOOP_ANALYSIS = YES;
				CLANG_WARN_STRICT_PROTOTYPES = YES;
				CLANG_WARN_SUSPICIOUS_MOVE = YES;
				CLANG_WARN_UNGUARDED_AVAILABILITY = YES_AGGRESSIVE;
				CLANG_WARN_UNREACHABLE_CODE = YES;
				CLANG_WARN__DUPLICATE_METHOD_MATCH = YES;
				COPY_PHASE_STRIP = NO;
				DEBUG_INFORMATION_FORMAT = dwarf;
				ENABLE_STRICT_OBJC_MSGSEND = YES;
				ENABLE_TESTABILITY = YES;
				ENABLE_USER_SCRIPT_SANDBOXING = YES;
				GCC_C_LANGUAGE_STANDARD = gnu17;
				GCC_DYNAMIC_NO_PIC = NO;
				GCC_NO_COMMON_BLOCKS = YES;
				GCC_OPTIMIZATION_LEVEL = 0;
				GCC_PREPROCESSOR_DEFINITIONS = (
					"DEBUG=1",
					"$(inherited)",
				);
				GCC_WARN_64_TO_32_BIT_CONVERSION = YES;
				GCC_WARN_ABOUT_RETURN_TYPE = YES_ERROR;
				GCC_WARN_UNDECLARED_SELECTOR = YES;
				GCC_WARN_UNINITIALIZED_AUTOS = YES_AGGRESSIVE;
				GCC_WARN_UNUSED_FUNCTION = YES;
				GCC_WARN_UNUSED_VARIABLE = YES;
				LOCALIZATION_PREFERS_STRING_CATALOGS = YES;
				MTL_ENABLE_DEBUG_INFO = INCLUDE_SOURCE;
				MTL_FAST_MATH = YES;
				ONLY_ACTIVE_ARCH = YES;
				SWIFT_ACTIVE_COMPILATION_CONDITIONS = "DEBUG $(inherited)";
				SWIFT_OPTIMIZATION_LEVEL = "-Onone";
			};
			name = Debug;
		};
		AD1467142A793F89005AF2B8 /* Release */ = {
			isa = XCBuildConfiguration;
			buildSettings = {
				ALWAYS_SEARCH_USER_PATHS = NO;
				ASSETCATALOG_COMPILER_GENERATE_SWIFT_ASSET_SYMBOL_EXTENSIONS = YES;
				CLANG_ANALYZER_NONNULL = YES;
				CLANG_ANALYZER_NUMBER_OBJECT_CONVERSION = YES_AGGRESSIVE;
				CLANG_CXX_LANGUAGE_STANDARD = "gnu++20";
				CLANG_ENABLE_MODULES = YES;
				CLANG_ENABLE_OBJC_ARC = YES;
				CLANG_ENABLE_OBJC_WEAK = YES;
				CLANG_WARN_BLOCK_CAPTURE_AUTORELEASING = YES;
				CLANG_WARN_BOOL_CONVERSION = YES;
				CLANG_WARN_COMMA = YES;
				CLANG_WARN_CONSTANT_CONVERSION = YES;
				CLANG_WARN_DEPRECATED_OBJC_IMPLEMENTATIONS = YES;
				CLANG_WARN_DIRECT_OBJC_ISA_USAGE = YES_ERROR;
				CLANG_WARN_DOCUMENTATION_COMMENTS = YES;
				CLANG_WARN_EMPTY_BODY = YES;
				CLANG_WARN_ENUM_CONVERSION = YES;
				CLANG_WARN_INFINITE_RECURSION = YES;
				CLANG_WARN_INT_CONVERSION = YES;
				CLANG_WARN_NON_LITERAL_NULL_CONVERSION = YES;
				CLANG_WARN_OBJC_IMPLICIT_RETAIN_SELF = YES;
				CLANG_WARN_OBJC_LITERAL_CONVERSION = YES;
				CLANG_WARN_OBJC_ROOT_CLASS = YES_ERROR;
				CLANG_WARN_QUOTED_INCLUDE_IN_FRAMEWORK_HEADER = YES;
				CLANG_WARN_RANGE_LOOP_ANALYSIS = YES;
				CLANG_WARN_STRICT_PROTOTYPES = YES;
				CLANG_WARN_SUSPICIOUS_MOVE = YES;
				CLANG_WARN_UNGUARDED_AVAILABILITY = YES_AGGRESSIVE;
				CLANG_WARN_UNREACHABLE_CODE = YES;
				CLANG_WARN__DUPLICATE_METHOD_MATCH = YES;
				COPY_PHASE_STRIP = NO;
				DEBUG_INFORMATION_FORMAT = "dwarf-with-dsym";
				ENABLE_NS_ASSERTIONS = NO;
				ENABLE_STRICT_OBJC_MSGSEND = YES;
				ENABLE_USER_SCRIPT_SANDBOXING = YES;
				GCC_C_LANGUAGE_STANDARD = gnu17;
				GCC_NO_COMMON_BLOCKS = YES;
				GCC_WARN_64_TO_32_BIT_CONVERSION = YES;
				GCC_WARN_ABOUT_RETURN_TYPE = YES_ERROR;
				GCC_WARN_UNDECLARED_SELECTOR = YES;
				GCC_WARN_UNINITIALIZED_AUTOS = YES_AGGRESSIVE;
				GCC_WARN_UNUSED_FUNCTION = YES;
				GCC_WARN_UNUSED_VARIABLE = YES;
				LOCALIZATION_PREFERS_STRING_CATALOGS = YES;
				MTL_ENABLE_DEBUG_INFO = NO;
				MTL_FAST_MATH = YES;
				SWIFT_COMPILATION_MODE = wholemodule;
			};
			name = Release;
		};
		AD1467162A793F89005AF2B8 /* Debug */ = {
			isa = XCBuildConfiguration;
			buildSettings = {
				ASSETCATALOG_COMPILER_APPICON_NAME = AppIcon;
				ASSETCATALOG_COMPILER_GLOBAL_ACCENT_COLOR_NAME = AccentColor;
				CODE_SIGN_ENTITLEMENTS = TagView/TagView.entitlements;
				CODE_SIGN_STYLE = Automatic;
				CURRENT_PROJECT_VERSION = 1;
				DEVELOPMENT_ASSET_PATHS = "\"TagView/Preview Content\"";
				ENABLE_PREVIEWS = YES;
				GENERATE_INFOPLIST_FILE = YES;
				"INFOPLIST_KEY_UIApplicationSceneManifest_Generation[sdk=iphoneos*]" = YES;
				"INFOPLIST_KEY_UIApplicationSceneManifest_Generation[sdk=iphonesimulator*]" = YES;
				"INFOPLIST_KEY_UIApplicationSupportsIndirectInputEvents[sdk=iphoneos*]" = YES;
				"INFOPLIST_KEY_UIApplicationSupportsIndirectInputEvents[sdk=iphonesimulator*]" = YES;
				"INFOPLIST_KEY_UILaunchScreen_Generation[sdk=iphoneos*]" = YES;
				"INFOPLIST_KEY_UILaunchScreen_Generation[sdk=iphonesimulator*]" = YES;
				"INFOPLIST_KEY_UIStatusBarStyle[sdk=iphoneos*]" = UIStatusBarStyleDefault;
				"INFOPLIST_KEY_UIStatusBarStyle[sdk=iphonesimulator*]" = UIStatusBarStyleDefault;
				INFOPLIST_KEY_UISupportedInterfaceOrientations_iPad = "UIInterfaceOrientationPortrait UIInterfaceOrientationPortraitUpsideDown UIInterfaceOrientationLandscapeLeft UIInterfaceOrientationLandscapeRight";
				INFOPLIST_KEY_UISupportedInterfaceOrientations_iPhone = "UIInterfaceOrientationPortrait UIInterfaceOrientationLandscapeLeft UIInterfaceOrientationLandscapeRight";
				IPHONEOS_DEPLOYMENT_TARGET = 17.0;
				LD_RUNPATH_SEARCH_PATHS = "@executable_path/Frameworks";
				"LD_RUNPATH_SEARCH_PATHS[sdk=macosx*]" = "@executable_path/../Frameworks";
				MACOSX_DEPLOYMENT_TARGET = 13.4;
				MARKETING_VERSION = 1.0;
				PRODUCT_BUNDLE_IDENTIFIER = com.kavsoft.TagView;
				PRODUCT_NAME = "$(TARGET_NAME)";
				SDKROOT = auto;
				SUPPORTED_PLATFORMS = "iphoneos iphonesimulator macosx";
				SWIFT_EMIT_LOC_STRINGS = YES;
				SWIFT_VERSION = 5.0;
				TARGETED_DEVICE_FAMILY = "1,2";
			};
			name = Debug;
		};
		AD1467172A793F89005AF2B8 /* Release */ = {
			isa = XCBuildConfiguration;
			buildSettings = {
				ASSETCATALOG_COMPILER_APPICON_NAME = AppIcon;
				ASSETCATALOG_COMPILER_GLOBAL_ACCENT_COLOR_NAME = AccentColor;
				CODE_SIGN_ENTITLEMENTS = TagView/TagView.entitlements;
				CODE_SIGN_STYLE = Automatic;
				CURRENT_PROJECT_VERSION = 1;
				DEVELOPMENT_ASSET_PATHS = "\"TagView/Preview Content\"";
				ENABLE_PREVIEWS = YES;
				GENERATE_INFOPLIST_FILE = YES;
				"INFOPLIST_KEY_UIApplicationSceneManifest_Generation[sdk=iphoneos*]" = YES;
				"INFOPLIST_KEY_UIApplicationSceneManifest_Generation[sdk=iphonesimulator*]" = YES;
				"INFOPLIST_KEY_UIApplicationSupportsIndirectInputEvents[sdk=iphoneos*]" = YES;
				"INFOPLIST_KEY_UIApplicationSupportsIndirectInputEvents[sdk=iphonesimulator*]" = YES;
				"INFOPLIST_KEY_UILaunchScreen_Generation[sdk=iphoneos*]" = YES;
				"INFOPLIST_KEY_UILaunchScreen_Generation[sdk=iphonesimulator*]" = YES;
				"INFOPLIST_KEY_UIStatusBarStyle[sdk=iphoneos*]" = UIStatusBarStyleDefault;
				"INFOPLIST_KEY_UIStatusBarStyle[sdk=iphonesimulator*]" = UIStatusBarStyleDefault;
				INFOPLIST_KEY_UISupportedInterfaceOrientations_iPad = "UIInterfaceOrientationPortrait UIInterfaceOrientationPortraitUpsideDown UIInterfaceOrientationLandscapeLeft UIInterfaceOrientationLandscapeRight";
				INFOPLIST_KEY_UISupportedInterfaceOrientations_iPhone = "UIInterfaceOrientationPortrait UIInterfaceOrientationLandscapeLeft UIInterfaceOrientationLandscapeRight";
				IPHONEOS_DEPLOYMENT_TARGET = 17.0;
				LD_RUNPATH_SEARCH_PATHS = "@executable_path/Frameworks";
				"LD_RUNPATH_SEARCH_PATHS[sdk=macosx*]" = "@executable_path/../Frameworks";
				MACOSX_DEPLOYMENT_TARGET = 13.4;
				MARKETING_VERSION = 1.0;
				PRODUCT_BUNDLE_IDENTIFIER = com.kavsoft.TagView;
				PRODUCT_NAME = "$(TARGET_NAME)";
				SDKROOT = auto;
				SUPPORTED_PLATFORMS = "iphoneos iphonesimulator macosx";
				SWIFT_EMIT_LOC_STRINGS = YES;
				SWIFT_VERSION = 5.0;
				TARGETED_DEVICE_FAMILY = "1,2";
			};
			name = Release;
		};
/* End XCBuildConfiguration section */

/* Begin XCConfigurationList section */
		AD1467012A793F86005AF2B8 /* Build configuration list for PBXProject "TagView" */ = {
			isa = XCConfigurationList;
			buildConfigurations = (
				AD1467132A793F89005AF2B8 /* Debug */,
				AD1467142A793F89005AF2B8 /* Release */,
			);
			defaultConfigurationIsVisible = 0;
			defaultConfigurationName = Release;
		};
		AD1467152A793F89005AF2B8 /* Build configuration list for PBXNativeTarget "TagView" */ = {
			isa = XCConfigurationList;
			buildConfigurations = (
				AD1467162A793F89005AF2B8 /* Debug */,
				AD1467172A793F89005AF2B8 /* Release */,
			);
			defaultConfigurationIsVisible = 0;
			defaultConfigurationName = Release;
		};
/* End XCConfigurationList section */
	};
	rootObject = AD1466FE2A793F86005AF2B8 /* Project object */;
}
